// !$*UTF8*$!
{
	archiveVersion = 1;
	classes = {
	};
	objectVersion = 46;
	objects = {

/* Begin PBXBuildFile section */
		0BA193761D8C0A5D00230009 /* tests.c in Sources */ = {isa = PBXBuildFile; fileRef = 0BA193691D8C0A2A00230009 /* tests.c */; };
		0BA193821D8C0B9A00230009 /* vector_convenience_accessors.h in Headers */ = {isa = PBXBuildFile; fileRef = 0BA193601D8C09D500230009 /* vector_convenience_accessors.h */; };
		0BA193831D8C0B9A00230009 /* vector_environment.h in Headers */ = {isa = PBXBuildFile; fileRef = 0BA193611D8C09D500230009 /* vector_environment.h */; };
		0BA193841D8C0B9A00230009 /* vector_system.c in Sources */ = {isa = PBXBuildFile; fileRef = 0BA193621D8C09D500230009 /* vector_system.c */; };
		0BA193851D8C0B9A00230009 /* vector_system.h in Headers */ = {isa = PBXBuildFile; fileRef = 0BA193631D8C09D500230009 /* vector_system.h */; };
		0BA193861D8C0B9A00230009 /* vector.c in Sources */ = {isa = PBXBuildFile; fileRef = 0BA193641D8C09D500230009 /* vector.c */; };
		0BA193871D8C0B9A00230009 /* vector.h in Headers */ = {isa = PBXBuildFile; fileRef = 0BA193651D8C09D500230009 /* vector.h */; };
		0BA193881D8C0BC800230009 /* libvector.a in Frameworks */ = {isa = PBXBuildFile; fileRef = 0BA1937E1D8C0B9300230009 /* libvector.a */; };
/* End PBXBuildFile section */

/* Begin PBXContainerItemProxy section */
		0BA193891D8C0BCC00230009 /* PBXContainerItemProxy */ = {
			isa = PBXContainerItemProxy;
			containerPortal = 0BA193481D8C092000230009 /* Project object */;
			proxyType = 1;
			remoteGlobalIDString = 0BA1937D1D8C0B9300230009;
			remoteInfo = vector;
		};
/* End PBXContainerItemProxy section */

/* Begin PBXCopyFilesBuildPhase section */
		0BA1936D1D8C0A5700230009 /* CopyFiles */ = {
			isa = PBXCopyFilesBuildPhase;
			buildActionMask = 2147483647;
			dstPath = /usr/share/man/man1/;
			dstSubfolderSpec = 0;
			files = (
			);
			runOnlyForDeploymentPostprocessing = 1;
		};
/* End PBXCopyFilesBuildPhase section */

/* Begin PBXFileReference section */
		0BA1935E1D8C09D500230009 /* LICENSE */ = {isa = PBXFileReference; fileEncoding = 4; lastKnownFileType = text; name = LICENSE; path = ../../LICENSE; sourceTree = "<group>"; };
		0BA1935F1D8C09D500230009 /* README.md */ = {isa = PBXFileReference; fileEncoding = 4; lastKnownFileType = net.daringfireball.markdown; name = README.md; path = ../../README.md; sourceTree = "<group>"; };
		0BA193601D8C09D500230009 /* vector_convenience_accessors.h */ = {isa = PBXFileReference; fileEncoding = 4; lastKnownFileType = sourcecode.c.h; name = vector_convenience_accessors.h; path = ../../vector_convenience_accessors.h; sourceTree = "<group>"; };
		0BA193611D8C09D500230009 /* vector_environment.h */ = {isa = PBXFileReference; fileEncoding = 4; lastKnownFileType = sourcecode.c.h; name = vector_environment.h; path = ../../vector_environment.h; sourceTree = "<group>"; };
		0BA193621D8C09D500230009 /* vector_system.c */ = {isa = PBXFileReference; fileEncoding = 4; lastKnownFileType = sourcecode.c.c; name = vector_system.c; path = ../../vector_system.c; sourceTree = "<group>"; };
		0BA193631D8C09D500230009 /* vector_system.h */ = {isa = PBXFileReference; fileEncoding = 4; lastKnownFileType = sourcecode.c.h; name = vector_system.h; path = ../../vector_system.h; sourceTree = "<group>"; };
		0BA193641D8C09D500230009 /* vector.c */ = {isa = PBXFileReference; fileEncoding = 4; lastKnownFileType = sourcecode.c.c; name = vector.c; path = ../../vector.c; sourceTree = "<group>"; };
		0BA193651D8C09D500230009 /* vector.h */ = {isa = PBXFileReference; fileEncoding = 4; lastKnownFileType = sourcecode.c.h; name = vector.h; path = ../../vector.h; sourceTree = "<group>"; };
		0BA193691D8C0A2A00230009 /* tests.c */ = {isa = PBXFileReference; fileEncoding = 4; lastKnownFileType = sourcecode.c.c; name = tests.c; path = ../../tests.c; sourceTree = "<group>"; };
		0BA1936F1D8C0A5700230009 /* tests */ = {isa = PBXFileReference; explicitFileType = "compiled.mach-o.executable"; includeInIndex = 0; path = tests; sourceTree = BUILT_PRODUCTS_DIR; };
		0BA1937E1D8C0B9300230009 /* libvector.a */ = {isa = PBXFileReference; explicitFileType = archive.ar; includeInIndex = 0; path = libvector.a; sourceTree = BUILT_PRODUCTS_DIR; };
/* End PBXFileReference section */

/* Begin PBXFrameworksBuildPhase section */
		0BA1936C1D8C0A5700230009 /* Frameworks */ = {
			isa = PBXFrameworksBuildPhase;
			buildActionMask = 2147483647;
			files = (
				0BA193881D8C0BC800230009 /* libvector.a in Frameworks */,
			);
			runOnlyForDeploymentPostprocessing = 0;
		};
		0BA1937B1D8C0B9300230009 /* Frameworks */ = {
			isa = PBXFrameworksBuildPhase;
			buildActionMask = 2147483647;
			files = (
			);
			runOnlyForDeploymentPostprocessing = 0;
		};
/* End PBXFrameworksBuildPhase section */

/* Begin PBXGroup section */
		0BA193471D8C092000230009 = {
			isa = PBXGroup;
			children = (
				0BA1935C1D8C09B700230009 /* vector */,
				0BA1935D1D8C09C000230009 /* tests */,
				0BA193531D8C095400230009 /* Products */,
			);
			sourceTree = "<group>";
		};
		0BA193531D8C095400230009 /* Products */ = {
			isa = PBXGroup;
			children = (
				0BA1936F1D8C0A5700230009 /* tests */,
				0BA1937E1D8C0B9300230009 /* libvector.a */,
			);
			name = Products;
			sourceTree = "<group>";
		};
		0BA1935C1D8C09B700230009 /* vector */ = {
			isa = PBXGroup;
			children = (
				0BA1935E1D8C09D500230009 /* LICENSE */,
				0BA1935F1D8C09D500230009 /* README.md */,
				0BA193601D8C09D500230009 /* vector_convenience_accessors.h */,
				0BA193611D8C09D500230009 /* vector_environment.h */,
				0BA193621D8C09D500230009 /* vector_system.c */,
				0BA193631D8C09D500230009 /* vector_system.h */,
				0BA193641D8C09D500230009 /* vector.c */,
				0BA193651D8C09D500230009 /* vector.h */,
			);
			name = vector;
			sourceTree = "<group>";
		};
		0BA1935D1D8C09C000230009 /* tests */ = {
			isa = PBXGroup;
			children = (
				0BA193691D8C0A2A00230009 /* tests.c */,
			);
			name = tests;
			sourceTree = "<group>";
		};
/* End PBXGroup section */

/* Begin PBXHeadersBuildPhase section */
		0BA1937C1D8C0B9300230009 /* Headers */ = {
			isa = PBXHeadersBuildPhase;
			buildActionMask = 2147483647;
			files = (
				0BA193821D8C0B9A00230009 /* vector_convenience_accessors.h in Headers */,
				0BA193871D8C0B9A00230009 /* vector.h in Headers */,
				0BA193831D8C0B9A00230009 /* vector_environment.h in Headers */,
				0BA193851D8C0B9A00230009 /* vector_system.h in Headers */,
			);
			runOnlyForDeploymentPostprocessing = 0;
		};
/* End PBXHeadersBuildPhase section */

/* Begin PBXNativeTarget section */
		0BA1936E1D8C0A5700230009 /* tests */ = {
			isa = PBXNativeTarget;
			buildConfigurationList = 0BA193731D8C0A5700230009 /* Build configuration list for PBXNativeTarget "tests" */;
			buildPhases = (
				0BA1936B1D8C0A5700230009 /* Sources */,
				0BA1936C1D8C0A5700230009 /* Frameworks */,
				0BA1936D1D8C0A5700230009 /* CopyFiles */,
			);
			buildRules = (
			);
			dependencies = (
				0BA1938A1D8C0BCC00230009 /* PBXTargetDependency */,
			);
			name = tests;
			productName = tests;
			productReference = 0BA1936F1D8C0A5700230009 /* tests */;
			productType = "com.apple.product-type.tool";
		};
		0BA1937D1D8C0B9300230009 /* vector */ = {
			isa = PBXNativeTarget;
			buildConfigurationList = 0BA1937F1D8C0B9300230009 /* Build configuration list for PBXNativeTarget "vector" */;
			buildPhases = (
				0BA1937A1D8C0B9300230009 /* Sources */,
				0BA1937B1D8C0B9300230009 /* Frameworks */,
				0BA1937C1D8C0B9300230009 /* Headers */,
			);
			buildRules = (
			);
			dependencies = (
			);
			name = vector;
			productName = vector;
			productReference = 0BA1937E1D8C0B9300230009 /* libvector.a */;
			productType = "com.apple.product-type.library.static";
		};
/* End PBXNativeTarget section */

/* Begin PBXProject section */
		0BA193481D8C092000230009 /* Project object */ = {
			isa = PBXProject;
			attributes = {
				LastUpgradeCheck = 0730;
				TargetAttributes = {
					0BA1936E1D8C0A5700230009 = {
						CreatedOnToolsVersion = 7.3.1;
					};
					0BA1937D1D8C0B9300230009 = {
						CreatedOnToolsVersion = 7.3.1;
					};
				};
			};
			buildConfigurationList = 0BA1934B1D8C092000230009 /* Build configuration list for PBXProject "vector_t" */;
			compatibilityVersion = "Xcode 3.2";
			developmentRegion = English;
			hasScannedForEncodings = 0;
			knownRegions = (
				en,
			);
			mainGroup = 0BA193471D8C092000230009;
			productRefGroup = 0BA193531D8C095400230009 /* Products */;
			projectDirPath = "";
			projectRoot = "";
			targets = (
				0BA1936E1D8C0A5700230009 /* tests */,
				0BA1937D1D8C0B9300230009 /* vector */,
			);
		};
/* End PBXProject section */

/* Begin PBXSourcesBuildPhase section */
		0BA1936B1D8C0A5700230009 /* Sources */ = {
			isa = PBXSourcesBuildPhase;
			buildActionMask = 2147483647;
			files = (
				0BA193761D8C0A5D00230009 /* tests.c in Sources */,
			);
			runOnlyForDeploymentPostprocessing = 0;
		};
		0BA1937A1D8C0B9300230009 /* Sources */ = {
			isa = PBXSourcesBuildPhase;
			buildActionMask = 2147483647;
			files = (
				0BA193861D8C0B9A00230009 /* vector.c in Sources */,
				0BA193841D8C0B9A00230009 /* vector_system.c in Sources */,
			);
			runOnlyForDeploymentPostprocessing = 0;
		};
/* End PBXSourcesBuildPhase section */

/* Begin PBXTargetDependency section */
		0BA1938A1D8C0BCC00230009 /* PBXTargetDependency */ = {
			isa = PBXTargetDependency;
			target = 0BA1937D1D8C0B9300230009 /* vector */;
			targetProxy = 0BA193891D8C0BCC00230009 /* PBXContainerItemProxy */;
		};
/* End PBXTargetDependency section */

/* Begin XCBuildConfiguration section */
		0BA1934C1D8C092000230009 /* Debug */ = {
			isa = XCBuildConfiguration;
			buildSettings = {
				GCC_C_LANGUAGE_STANDARD = c99;
				GCC_PREPROCESSOR_DEFINITIONS = "DEBUG=1";
				GCC_TREAT_WARNINGS_AS_ERRORS = YES;
				WARNING_CFLAGS = "-Wall";
			};
			name = Debug;
		};
		0BA1934D1D8C092000230009 /* Release */ = {
			isa = XCBuildConfiguration;
			buildSettings = {
				GCC_C_LANGUAGE_STANDARD = c99;
				GCC_PREPROCESSOR_DEFINITIONS = "NDEBUG=1";
				GCC_TREAT_WARNINGS_AS_ERRORS = YES;
				WARNING_CFLAGS = "-Wall";
			};
			name = Release;
		};
		0BA193741D8C0A5700230009 /* Debug */ = {
			isa = XCBuildConfiguration;
			buildSettings = {
				ALWAYS_SEARCH_USER_PATHS = NO;
				CLANG_ANALYZER_NONNULL = YES;
				CLANG_CXX_LANGUAGE_STANDARD = "gnu++0x";
				CLANG_CXX_LIBRARY = "libc++";
				CLANG_ENABLE_MODULES = YES;
				CLANG_ENABLE_OBJC_ARC = YES;
				CLANG_WARN_BOOL_CONVERSION = YES;
				CLANG_WARN_CONSTANT_CONVERSION = YES;
				CLANG_WARN_DIRECT_OBJC_ISA_USAGE = YES_ERROR;
				CLANG_WARN_EMPTY_BODY = YES;
				CLANG_WARN_ENUM_CONVERSION = YES;
				CLANG_WARN_INT_CONVERSION = YES;
				CLANG_WARN_OBJC_ROOT_CLASS = YES_ERROR;
				CLANG_WARN_UNREACHABLE_CODE = YES;
				CLANG_WARN__DUPLICATE_METHOD_MATCH = YES;
				CODE_SIGN_IDENTITY = "-";
				COPY_PHASE_STRIP = NO;
				DEBUG_INFORMATION_FORMAT = dwarf;
				ENABLE_STRICT_OBJC_MSGSEND = YES;
				ENABLE_TESTABILITY = YES;
				GCC_DYNAMIC_NO_PIC = NO;
				GCC_NO_COMMON_BLOCKS = YES;
				GCC_OPTIMIZATION_LEVEL = 0;
				GCC_WARN_64_TO_32_BIT_CONVERSION = YES;
				GCC_WARN_ABOUT_RETURN_TYPE = YES_ERROR;
				GCC_WARN_UNDECLARED_SELECTOR = YES;
				GCC_WARN_UNINITIALIZED_AUTOS = YES_AGGRESSIVE;
				GCC_WARN_UNUSED_FUNCTION = YES;
				GCC_WARN_UNUSED_VARIABLE = YES;
				MACOSX_DEPLOYMENT_TARGET = 10.11;
				MTL_ENABLE_DEBUG_INFO = YES;
				ONLY_ACTIVE_ARCH = YES;
				PRODUCT_NAME = "$(TARGET_NAME)";
				SDKROOT = macosx;
			};
			name = Debug;
		};
		0BA193751D8C0A5700230009 /* Release */ = {
			isa = XCBuildConfiguration;
			buildSettings = {
				ALWAYS_SEARCH_USER_PATHS = NO;
				CLANG_ANALYZER_NONNULL = YES;
				CLANG_CXX_LANGUAGE_STANDARD = "gnu++0x";
				CLANG_CXX_LIBRARY = "libc++";
				CLANG_ENABLE_MODULES = YES;
				CLANG_ENABLE_OBJC_ARC = YES;
				CLANG_WARN_BOOL_CONVERSION = YES;
				CLANG_WARN_CONSTANT_CONVERSION = YES;
				CLANG_WARN_DIRECT_OBJC_ISA_USAGE = YES_ERROR;
				CLANG_WARN_EMPTY_BODY = YES;
				CLANG_WARN_ENUM_CONVERSION = YES;
				CLANG_WARN_INT_CONVERSION = YES;
				CLANG_WARN_OBJC_ROOT_CLASS = YES_ERROR;
				CLANG_WARN_UNREACHABLE_CODE = YES;
				CLANG_WARN__DUPLICATE_METHOD_MATCH = YES;
				CODE_SIGN_IDENTITY = "-";
				COPY_PHASE_STRIP = NO;
				DEBUG_INFORMATION_FORMAT = "dwarf-with-dsym";
				ENABLE_NS_ASSERTIONS = NO;
				ENABLE_STRICT_OBJC_MSGSEND = YES;
				GCC_NO_COMMON_BLOCKS = YES;
				GCC_WARN_64_TO_32_BIT_CONVERSION = YES;
				GCC_WARN_ABOUT_RETURN_TYPE = YES_ERROR;
				GCC_WARN_UNDECLARED_SELECTOR = YES;
				GCC_WARN_UNINITIALIZED_AUTOS = YES_AGGRESSIVE;
				GCC_WARN_UNUSED_FUNCTION = YES;
				GCC_WARN_UNUSED_VARIABLE = YES;
				MACOSX_DEPLOYMENT_TARGET = 10.11;
				MTL_ENABLE_DEBUG_INFO = NO;
				PRODUCT_NAME = "$(TARGET_NAME)";
				SDKROOT = macosx;
			};
			name = Release;
		};
		0BA193801D8C0B9300230009 /* Debug */ = {
			isa = XCBuildConfiguration;
			buildSettings = {
				ALWAYS_SEARCH_USER_PATHS = NO;
				CLANG_ANALYZER_NONNULL = YES;
				CLANG_CXX_LANGUAGE_STANDARD = "gnu++0x";
				CLANG_CXX_LIBRARY = "libc++";
				CLANG_ENABLE_MODULES = YES;
				CLANG_ENABLE_OBJC_ARC = YES;
				CLANG_WARN_BOOL_CONVERSION = YES;
				CLANG_WARN_CONSTANT_CONVERSION = YES;
				CLANG_WARN_DIRECT_OBJC_ISA_USAGE = YES_ERROR;
				CLANG_WARN_EMPTY_BODY = YES;
				CLANG_WARN_ENUM_CONVERSION = YES;
				CLANG_WARN_INT_CONVERSION = YES;
				CLANG_WARN_OBJC_ROOT_CLASS = YES_ERROR;
				CLANG_WARN_UNREACHABLE_CODE = YES;
				CLANG_WARN__DUPLICATE_METHOD_MATCH = YES;
				CODE_SIGN_IDENTITY = "-";
				COPY_PHASE_STRIP = NO;
				DEBUG_INFORMATION_FORMAT = dwarf;
				ENABLE_STRICT_OBJC_MSGSEND = YES;
				ENABLE_TESTABILITY = YES;
				EXECUTABLE_PREFIX = lib;
				GCC_DYNAMIC_NO_PIC = NO;
				GCC_NO_COMMON_BLOCKS = YES;
				GCC_OPTIMIZATION_LEVEL = 0;
				GCC_WARN_64_TO_32_BIT_CONVERSION = YES;
				GCC_WARN_ABOUT_RETURN_TYPE = YES_ERROR;
				GCC_WARN_UNDECLARED_SELECTOR = YES;
				GCC_WARN_UNINITIALIZED_AUTOS = YES_AGGRESSIVE;
				GCC_WARN_UNUSED_FUNCTION = YES;
				GCC_WARN_UNUSED_VARIABLE = YES;
				MACOSX_DEPLOYMENT_TARGET = 10.11;
				MTL_ENABLE_DEBUG_INFO = YES;
				ONLY_ACTIVE_ARCH = YES;
				PRODUCT_NAME = "$(TARGET_NAME)";
				SDKROOT = macosx;
			};
			name = Debug;
		};
		0BA193811D8C0B9300230009 /* Release */ = {
			isa = XCBuildConfiguration;
			buildSettings = {
				ALWAYS_SEARCH_USER_PATHS = NO;
				CLANG_ANALYZER_NONNULL = YES;
				CLANG_CXX_LANGUAGE_STANDARD = "gnu++0x";
				CLANG_CXX_LIBRARY = "libc++";
				CLANG_ENABLE_MODULES = YES;
				CLANG_ENABLE_OBJC_ARC = YES;
				CLANG_WARN_BOOL_CONVERSION = YES;
				CLANG_WARN_CONSTANT_CONVERSION = YES;
				CLANG_WARN_DIRECT_OBJC_ISA_USAGE = YES_ERROR;
				CLANG_WARN_EMPTY_BODY = YES;
				CLANG_WARN_ENUM_CONVERSION = YES;
				CLANG_WARN_INT_CONVERSION = YES;
				CLANG_WARN_OBJC_ROOT_CLASS = YES_ERROR;
				CLANG_WARN_UNREACHABLE_CODE = YES;
				CLANG_WARN__DUPLICATE_METHOD_MATCH = YES;
				CODE_SIGN_IDENTITY = "-";
				COPY_PHASE_STRIP = NO;
				DEBUG_INFORMATION_FORMAT = "dwarf-with-dsym";
				ENABLE_NS_ASSERTIONS = NO;
				ENABLE_STRICT_OBJC_MSGSEND = YES;
				EXECUTABLE_PREFIX = lib;
				GCC_NO_COMMON_BLOCKS = YES;
				GCC_WARN_64_TO_32_BIT_CONVERSION = YES;
				GCC_WARN_ABOUT_RETURN_TYPE = YES_ERROR;
				GCC_WARN_UNDECLARED_SELECTOR = YES;
				GCC_WARN_UNINITIALIZED_AUTOS = YES_AGGRESSIVE;
				GCC_WARN_UNUSED_FUNCTION = YES;
				GCC_WARN_UNUSED_VARIABLE = YES;
				MACOSX_DEPLOYMENT_TARGET = 10.11;
				MTL_ENABLE_DEBUG_INFO = NO;
				PRODUCT_NAME = "$(TARGET_NAME)";
				SDKROOT = macosx;
			};
			name = Release;
		};
/* End XCBuildConfiguration section */

/* Begin XCConfigurationList section */
		0BA1934B1D8C092000230009 /* Build configuration list for PBXProject "vector_t" */ = {
			isa = XCConfigurationList;
			buildConfigurations = (
				0BA1934C1D8C092000230009 /* Debug */,
				0BA1934D1D8C092000230009 /* Release */,
			);
			defaultConfigurationIsVisible = 0;
			defaultConfigurationName = Release;
		};
		0BA193731D8C0A5700230009 /* Build configuration list for PBXNativeTarget "tests" */ = {
			isa = XCConfigurationList;
			buildConfigurations = (
				0BA193741D8C0A5700230009 /* Debug */,
				0BA193751D8C0A5700230009 /* Release */,
			);
			defaultConfigurationIsVisible = 0;
		};
		0BA1937F1D8C0B9300230009 /* Build configuration list for PBXNativeTarget "vector" */ = {
			isa = XCConfigurationList;
			buildConfigurations = (
				0BA193801D8C0B9300230009 /* Debug */,
				0BA193811D8C0B9300230009 /* Release */,
			);
			defaultConfigurationIsVisible = 0;
		};
/* End XCConfigurationList section */
	};
	rootObject = 0BA193481D8C092000230009 /* Project object */;
}
